// !$*UTF8*$!
{
	archiveVersion = 1;
	classes = {
	};
	objectVersion = 56;
	objects = {

/* Begin PBXBuildFile section */
		D3A3A1BC2B24044E000898F5 /* ReelCrazeApp.swift in Sources */ = {isa = PBXBuildFile; fileRef = D3A3A1BB2B24044E000898F5 /* ReelCrazeApp.swift */; };
		D3A3A1BE2B24044E000898F5 /* DiscoverView.swift in Sources */ = {isa = PBXBuildFile; fileRef = D3A3A1BD2B24044E000898F5 /* DiscoverView.swift */; };
		D3A3A1C02B240450000898F5 /* Assets.xcassets in Resources */ = {isa = PBXBuildFile; fileRef = D3A3A1BF2B240450000898F5 /* Assets.xcassets */; };
		D3A3A1C32B240450000898F5 /* Preview Assets.xcassets in Resources */ = {isa = PBXBuildFile; fileRef = D3A3A1C22B240450000898F5 /* Preview Assets.xcassets */; };
		D3A3A1CB2B240F34000898F5 /* TrendingCardView.swift in Sources */ = {isa = PBXBuildFile; fileRef = D3A3A1CA2B240F34000898F5 /* TrendingCardView.swift */; };
		D3A3A1CE2B241D39000898F5 /* MovieDBViewModel.swift in Sources */ = {isa = PBXBuildFile; fileRef = D3A3A1CD2B241D39000898F5 /* MovieDBViewModel.swift */; };
		D3A3A1D12B241D70000898F5 /* TrendingResults.swift in Sources */ = {isa = PBXBuildFile; fileRef = D3A3A1D02B241D70000898F5 /* TrendingResults.swift */; };
		D3A3A1D32B241D9E000898F5 /* Movie.swift in Sources */ = {isa = PBXBuildFile; fileRef = D3A3A1D22B241D9E000898F5 /* Movie.swift */; };
		D3A3A1D52B24AE77000898F5 /* MovieDetailView.swift in Sources */ = {isa = PBXBuildFile; fileRef = D3A3A1D42B24AE77000898F5 /* MovieDetailView.swift */; };
/* End PBXBuildFile section */

/* Begin PBXFileReference section */
		D3A3A1B82B24044E000898F5 /* ReelCraze.app */ = {isa = PBXFileReference; explicitFileType = wrapper.application; includeInIndex = 0; path = ReelCraze.app; sourceTree = BUILT_PRODUCTS_DIR; };
		D3A3A1BB2B24044E000898F5 /* ReelCrazeApp.swift */ = {isa = PBXFileReference; lastKnownFileType = sourcecode.swift; path = ReelCrazeApp.swift; sourceTree = "<group>"; };
		D3A3A1BD2B24044E000898F5 /* DiscoverView.swift */ = {isa = PBXFileReference; lastKnownFileType = sourcecode.swift; path = DiscoverView.swift; sourceTree = "<group>"; };
		D3A3A1BF2B240450000898F5 /* Assets.xcassets */ = {isa = PBXFileReference; lastKnownFileType = folder.assetcatalog; path = Assets.xcassets; sourceTree = "<group>"; };
		D3A3A1C22B240450000898F5 /* Preview Assets.xcassets */ = {isa = PBXFileReference; lastKnownFileType = folder.assetcatalog; path = "Preview Assets.xcassets"; sourceTree = "<group>"; };
		D3A3A1CA2B240F34000898F5 /* TrendingCardView.swift */ = {isa = PBXFileReference; lastKnownFileType = sourcecode.swift; path = TrendingCardView.swift; sourceTree = "<group>"; };
		D3A3A1CD2B241D39000898F5 /* MovieDBViewModel.swift */ = {isa = PBXFileReference; lastKnownFileType = sourcecode.swift; path = MovieDBViewModel.swift; sourceTree = "<group>"; };
		D3A3A1D02B241D70000898F5 /* TrendingResults.swift */ = {isa = PBXFileReference; lastKnownFileType = sourcecode.swift; path = TrendingResults.swift; sourceTree = "<group>"; };
		D3A3A1D22B241D9E000898F5 /* Movie.swift */ = {isa = PBXFileReference; lastKnownFileType = sourcecode.swift; path = Movie.swift; sourceTree = "<group>"; };
		D3A3A1D42B24AE77000898F5 /* MovieDetailView.swift */ = {isa = PBXFileReference; lastKnownFileType = sourcecode.swift; path = MovieDetailView.swift; sourceTree = "<group>"; };
/* End PBXFileReference section */

/* Begin PBXFrameworksBuildPhase section */
		D3A3A1B52B24044E000898F5 /* Frameworks */ = {
			isa = PBXFrameworksBuildPhase;
			buildActionMask = 2147483647;
			files = (
			);
			runOnlyForDeploymentPostprocessing = 0;
		};
/* End PBXFrameworksBuildPhase section */

/* Begin PBXGroup section */
		D3A3A1AF2B24044E000898F5 = {
			isa = PBXGroup;
			children = (
				D3A3A1BA2B24044E000898F5 /* ReelCraze */,
				D3A3A1B92B24044E000898F5 /* Products */,
			);
			sourceTree = "<group>";
		};
		D3A3A1B92B24044E000898F5 /* Products */ = {
			isa = PBXGroup;
			children = (
				D3A3A1B82B24044E000898F5 /* ReelCraze.app */,
			);
			name = Products;
			sourceTree = "<group>";
		};
		D3A3A1BA2B24044E000898F5 /* ReelCraze */ = {
			isa = PBXGroup;
			children = (
				D3A3A1CF2B241D61000898F5 /* Extensions */,
				D3A3A1CC2B241D23000898F5 /* Model */,
				D3A3A1C92B240F25000898F5 /* Views */,
				D3A3A1BB2B24044E000898F5 /* ReelCrazeApp.swift */,
				D3A3A1BD2B24044E000898F5 /* DiscoverView.swift */,
				D3A3A1BF2B240450000898F5 /* Assets.xcassets */,
				D3A3A1C12B240450000898F5 /* Preview Content */,
			);
			path = ReelCraze;
			sourceTree = "<group>";
		};
		D3A3A1C12B240450000898F5 /* Preview Content */ = {
			isa = PBXGroup;
			children = (
				D3A3A1C22B240450000898F5 /* Preview Assets.xcassets */,
			);
			path = "Preview Content";
			sourceTree = "<group>";
		};
		D3A3A1C92B240F25000898F5 /* Views */ = {
			isa = PBXGroup;
			children = (
				D3A3A1CA2B240F34000898F5 /* TrendingCardView.swift */,
				D3A3A1D42B24AE77000898F5 /* MovieDetailView.swift */,
			);
			path = Views;
			sourceTree = "<group>";
		};
		D3A3A1CC2B241D23000898F5 /* Model */ = {
			isa = PBXGroup;
			children = (
				D3A3A1CD2B241D39000898F5 /* MovieDBViewModel.swift */,
			);
			path = Model;
			sourceTree = "<group>";
		};
		D3A3A1CF2B241D61000898F5 /* Extensions */ = {
			isa = PBXGroup;
			children = (
				D3A3A1D02B241D70000898F5 /* TrendingResults.swift */,
				D3A3A1D22B241D9E000898F5 /* Movie.swift */,
			);
			path = Extensions;
			sourceTree = "<group>";
		};
/* End PBXGroup section */

/* Begin PBXNativeTarget section */
		D3A3A1B72B24044E000898F5 /* ReelCraze */ = {
			isa = PBXNativeTarget;
			buildConfigurationList = D3A3A1C62B240450000898F5 /* Build configuration list for PBXNativeTarget "ReelCraze" */;
			buildPhases = (
				D3A3A1B42B24044E000898F5 /* Sources */,
				D3A3A1B52B24044E000898F5 /* Frameworks */,
				D3A3A1B62B24044E000898F5 /* Resources */,
			);
			buildRules = (
			);
			dependencies = (
			);
			name = ReelCraze;
			productName = ReelCraze;
			productReference = D3A3A1B82B24044E000898F5 /* ReelCraze.app */;
			productType = "com.apple.product-type.application";
		};
/* End PBXNativeTarget section */

/* Begin PBXProject section */
		D3A3A1B02B24044E000898F5 /* Project object */ = {
			isa = PBXProject;
			attributes = {
				BuildIndependentTargetsInParallel = 1;
				LastSwiftUpdateCheck = 1500;
				LastUpgradeCheck = 1500;
				TargetAttributes = {
					D3A3A1B72B24044E000898F5 = {
						CreatedOnToolsVersion = 15.0.1;
					};
				};
			};
			buildConfigurationList = D3A3A1B32B24044E000898F5 /* Build configuration list for PBXProject "ReelCraze" */;
			compatibilityVersion = "Xcode 14.0";
			developmentRegion = en;
			hasScannedForEncodings = 0;
			knownRegions = (
				en,
				Base,
			);
			mainGroup = D3A3A1AF2B24044E000898F5;
			productRefGroup = D3A3A1B92B24044E000898F5 /* Products */;
			projectDirPath = "";
			projectRoot = "";
			targets = (
				D3A3A1B72B24044E000898F5 /* ReelCraze */,
			);
		};
/* End PBXProject section */

/* Begin PBXResourcesBuildPhase section */
		D3A3A1B62B24044E000898F5 /* Resources */ = {
			isa = PBXResourcesBuildPhase;
			buildActionMask = 2147483647;
			files = (
				D3A3A1C32B240450000898F5 /* Preview Assets.xcassets in Resources */,
				D3A3A1C02B240450000898F5 /* Assets.xcassets in Resources */,
			);
			runOnlyForDeploymentPostprocessing = 0;
		};
/* End PBXResourcesBuildPhase section */

/* Begin PBXSourcesBuildPhase section */
		D3A3A1B42B24044E000898F5 /* Sources */ = {
			isa = PBXSourcesBuildPhase;
			buildActionMask = 2147483647;
			files = (
				D3A3A1D12B241D70000898F5 /* TrendingResults.swift in Sources */,
				D3A3A1BE2B24044E000898F5 /* DiscoverView.swift in Sources */,
				D3A3A1BC2B24044E000898F5 /* ReelCrazeApp.swift in Sources */,
				D3A3A1CB2B240F34000898F5 /* TrendingCardView.swift in Sources */,
				D3A3A1CE2B241D39000898F5 /* MovieDBViewModel.swift in Sources */,
				D3A3A1D32B241D9E000898F5 /* Movie.swift in Sources */,
				D3A3A1D52B24AE77000898F5 /* MovieDetailView.swift in Sources */,
			);
			runOnlyForDeploymentPostprocessing = 0;
		};
/* End PBXSourcesBuildPhase section */

/* Begin XCBuildConfiguration section */
		D3A3A1C42B240450000898F5 /* Debug */ = {
			isa = XCBuildConfiguration;
			buildSettings = {
				ALWAYS_SEARCH_USER_PATHS = NO;
				ASSETCATALOG_COMPILER_GENERATE_SWIFT_ASSET_SYMBOL_EXTENSIONS = YES;
				CLANG_ANALYZER_NONNULL = YES;
				CLANG_ANALYZER_NUMBER_OBJECT_CONVERSION = YES_AGGRESSIVE;
				CLANG_CXX_LANGUAGE_STANDARD = "gnu++20";
				CLANG_ENABLE_MODULES = YES;
				CLANG_ENABLE_OBJC_ARC = YES;
				CLANG_ENABLE_OBJC_WEAK = YES;
				CLANG_WARN_BLOCK_CAPTURE_AUTORELEASING = YES;
				CLANG_WARN_BOOL_CONVERSION = YES;
				CLANG_WARN_COMMA = YES;
				CLANG_WARN_CONSTANT_CONVERSION = YES;
				CLANG_WARN_DEPRECATED_OBJC_IMPLEMENTATIONS = YES;
				CLANG_WARN_DIRECT_OBJC_ISA_USAGE = YES_ERROR;
				CLANG_WARN_DOCUMENTATION_COMMENTS = YES;
				CLANG_WARN_EMPTY_BODY = YES;
				CLANG_WARN_ENUM_CONVERSION = YES;
				CLANG_WARN_INFINITE_RECURSION = YES;
				CLANG_WARN_INT_CONVERSION = YES;
				CLANG_WARN_NON_LITERAL_NULL_CONVERSION = YES;
				CLANG_WARN_OBJC_IMPLICIT_RETAIN_SELF = YES;
				CLANG_WARN_OBJC_LITERAL_CONVERSION = YES;
				CLANG_WARN_OBJC_ROOT_CLASS = YES_ERROR;
				CLANG_WARN_QUOTED_INCLUDE_IN_FRAMEWORK_HEADER = YES;
				CLANG_WARN_RANGE_LOOP_ANALYSIS = YES;
				CLANG_WARN_STRICT_PROTOTYPES = YES;
				CLANG_WARN_SUSPICIOUS_MOVE = YES;
				CLANG_WARN_UNGUARDED_AVAILABILITY = YES_AGGRESSIVE;
				CLANG_WARN_UNREACHABLE_CODE = YES;
				CLANG_WARN__DUPLICATE_METHOD_MATCH = YES;
				COPY_PHASE_STRIP = NO;
				DEBUG_INFORMATION_FORMAT = dwarf;
				ENABLE_STRICT_OBJC_MSGSEND = YES;
				ENABLE_TESTABILITY = YES;
				ENABLE_USER_SCRIPT_SANDBOXING = YES;
				GCC_C_LANGUAGE_STANDARD = gnu17;
				GCC_DYNAMIC_NO_PIC = NO;
				GCC_NO_COMMON_BLOCKS = YES;
				GCC_OPTIMIZATION_LEVEL = 0;
				GCC_PREPROCESSOR_DEFINITIONS = (
					"DEBUG=1",
					"$(inherited)",
				);
				GCC_WARN_64_TO_32_BIT_CONVERSION = YES;
				GCC_WARN_ABOUT_RETURN_TYPE = YES_ERROR;
				GCC_WARN_UNDECLARED_SELECTOR = YES;
				GCC_WARN_UNINITIALIZED_AUTOS = YES_AGGRESSIVE;
				GCC_WARN_UNUSED_FUNCTION = YES;
				GCC_WARN_UNUSED_VARIABLE = YES;
				IPHONEOS_DEPLOYMENT_TARGET = 17.0;
				LOCALIZATION_PREFERS_STRING_CATALOGS = YES;
				MTL_ENABLE_DEBUG_INFO = INCLUDE_SOURCE;
				MTL_FAST_MATH = YES;
				ONLY_ACTIVE_ARCH = YES;
				SDKROOT = iphoneos;
				SWIFT_ACTIVE_COMPILATION_CONDITIONS = "DEBUG $(inherited)";
				SWIFT_OPTIMIZATION_LEVEL = "-Onone";
			};
			name = Debug;
		};
		D3A3A1C52B240450000898F5 /* Release */ = {
			isa = XCBuildConfiguration;
			buildSettings = {
				ALWAYS_SEARCH_USER_PATHS = NO;
				ASSETCATALOG_COMPILER_GENERATE_SWIFT_ASSET_SYMBOL_EXTENSIONS = YES;
				CLANG_ANALYZER_NONNULL = YES;
				CLANG_ANALYZER_NUMBER_OBJECT_CONVERSION = YES_AGGRESSIVE;
				CLANG_CXX_LANGUAGE_STANDARD = "gnu++20";
				CLANG_ENABLE_MODULES = YES;
				CLANG_ENABLE_OBJC_ARC = YES;
				CLANG_ENABLE_OBJC_WEAK = YES;
				CLANG_WARN_BLOCK_CAPTURE_AUTORELEASING = YES;
				CLANG_WARN_BOOL_CONVERSION = YES;
				CLANG_WARN_COMMA = YES;
				CLANG_WARN_CONSTANT_CONVERSION = YES;
				CLANG_WARN_DEPRECATED_OBJC_IMPLEMENTATIONS = YES;
				CLANG_WARN_DIRECT_OBJC_ISA_USAGE = YES_ERROR;
				CLANG_WARN_DOCUMENTATION_COMMENTS = YES;
				CLANG_WARN_EMPTY_BODY = YES;
				CLANG_WARN_ENUM_CONVERSION = YES;
				CLANG_WARN_INFINITE_RECURSION = YES;
				CLANG_WARN_INT_CONVERSION = YES;
				CLANG_WARN_NON_LITERAL_NULL_CONVERSION = YES;
				CLANG_WARN_OBJC_IMPLICIT_RETAIN_SELF = YES;
				CLANG_WARN_OBJC_LITERAL_CONVERSION = YES;
				CLANG_WARN_OBJC_ROOT_CLASS = YES_ERROR;
				CLANG_WARN_QUOTED_INCLUDE_IN_FRAMEWORK_HEADER = YES;
				CLANG_WARN_RANGE_LOOP_ANALYSIS = YES;
				CLANG_WARN_STRICT_PROTOTYPES = YES;
				CLANG_WARN_SUSPICIOUS_MOVE = YES;
				CLANG_WARN_UNGUARDED_AVAILABILITY = YES_AGGRESSIVE;
				CLANG_WARN_UNREACHABLE_CODE = YES;
				CLANG_WARN__DUPLICATE_METHOD_MATCH = YES;
				COPY_PHASE_STRIP = NO;
				DEBUG_INFORMATION_FORMAT = "dwarf-with-dsym";
				ENABLE_NS_ASSERTIONS = NO;
				ENABLE_STRICT_OBJC_MSGSEND = YES;
				ENABLE_USER_SCRIPT_SANDBOXING = YES;
				GCC_C_LANGUAGE_STANDARD = gnu17;
				GCC_NO_COMMON_BLOCKS = YES;
				GCC_WARN_64_TO_32_BIT_CONVERSION = YES;
				GCC_WARN_ABOUT_RETURN_TYPE = YES_ERROR;
				GCC_WARN_UNDECLARED_SELECTOR = YES;
				GCC_WARN_UNINITIALIZED_AUTOS = YES_AGGRESSIVE;
				GCC_WARN_UNUSED_FUNCTION = YES;
				GCC_WARN_UNUSED_VARIABLE = YES;
				IPHONEOS_DEPLOYMENT_TARGET = 17.0;
				LOCALIZATION_PREFERS_STRING_CATALOGS = YES;
				MTL_ENABLE_DEBUG_INFO = NO;
				MTL_FAST_MATH = YES;
				SDKROOT = iphoneos;
				SWIFT_COMPILATION_MODE = wholemodule;
				VALIDATE_PRODUCT = YES;
			};
			name = Release;
		};
		D3A3A1C72B240450000898F5 /* Debug */ = {
			isa = XCBuildConfiguration;
			buildSettings = {
				ASSETCATALOG_COMPILER_APPICON_NAME = AppIcon;
				ASSETCATALOG_COMPILER_GLOBAL_ACCENT_COLOR_NAME = AccentColor;
				CODE_SIGN_STYLE = Automatic;
				CURRENT_PROJECT_VERSION = 1;
				DEVELOPMENT_ASSET_PATHS = "\"ReelCraze/Preview Content\"";
				DEVELOPMENT_TEAM = K8FKWBYV9S;
				ENABLE_PREVIEWS = YES;
				GENERATE_INFOPLIST_FILE = YES;
				INFOPLIST_KEY_UIApplicationSceneManifest_Generation = YES;
				INFOPLIST_KEY_UIApplicationSupportsIndirectInputEvents = YES;
				INFOPLIST_KEY_UILaunchScreen_Generation = YES;
				INFOPLIST_KEY_UISupportedInterfaceOrientations_iPad = "UIInterfaceOrientationPortrait UIInterfaceOrientationPortraitUpsideDown UIInterfaceOrientationLandscapeLeft UIInterfaceOrientationLandscapeRight";
				INFOPLIST_KEY_UISupportedInterfaceOrientations_iPhone = "UIInterfaceOrientationPortrait UIInterfaceOrientationLandscapeLeft UIInterfaceOrientationLandscapeRight";
				LD_RUNPATH_SEARCH_PATHS = (
					"$(inherited)",
					"@executable_path/Frameworks",
				);
				MARKETING_VERSION = 1.0;
				PRODUCT_BUNDLE_IDENTIFIER = frederick.ReelCraze;
				PRODUCT_NAME = "$(TARGET_NAME)";
				SWIFT_EMIT_LOC_STRINGS = YES;
				SWIFT_VERSION = 5.0;
				TARGETED_DEVICE_FAMILY = "1,2";
			};
			name = Debug;
		};
		D3A3A1C82B240450000898F5 /* Release */ = {
			isa = XCBuildConfiguration;
			buildSettings = {
				ASSETCATALOG_COMPILER_APPICON_NAME = AppIcon;
				ASSETCATALOG_COMPILER_GLOBAL_ACCENT_COLOR_NAME = AccentColor;
				CODE_SIGN_STYLE = Automatic;
				CURRENT_PROJECT_VERSION = 1;
				DEVELOPMENT_ASSET_PATHS = "\"ReelCraze/Preview Content\"";
				DEVELOPMENT_TEAM = K8FKWBYV9S;
				ENABLE_PREVIEWS = YES;
				GENERATE_INFOPLIST_FILE = YES;
				INFOPLIST_KEY_UIApplicationSceneManifest_Generation = YES;
				INFOPLIST_KEY_UIApplicationSupportsIndirectInputEvents = YES;
				INFOPLIST_KEY_UILaunchScreen_Generation = YES;
				INFOPLIST_KEY_UISupportedInterfaceOrientations_iPad = "UIInterfaceOrientationPortrait UIInterfaceOrientationPortraitUpsideDown UIInterfaceOrientationLandscapeLeft UIInterfaceOrientationLandscapeRight";
				INFOPLIST_KEY_UISupportedInterfaceOrientations_iPhone = "UIInterfaceOrientationPortrait UIInterfaceOrientationLandscapeLeft UIInterfaceOrientationLandscapeRight";
				LD_RUNPATH_SEARCH_PATHS = (
					"$(inherited)",
					"@executable_path/Frameworks",
				);
				MARKETING_VERSION = 1.0;
				PRODUCT_BUNDLE_IDENTIFIER = frederick.ReelCraze;
				PRODUCT_NAME = "$(TARGET_NAME)";
				SWIFT_EMIT_LOC_STRINGS = YES;
				SWIFT_VERSION = 5.0;
				TARGETED_DEVICE_FAMILY = "1,2";
			};
			name = Release;
		};
/* End XCBuildConfiguration section */

/* Begin XCConfigurationList section */
		D3A3A1B32B24044E000898F5 /* Build configuration list for PBXProject "ReelCraze" */ = {
			isa = XCConfigurationList;
			buildConfigurations = (
				D3A3A1C42B240450000898F5 /* Debug */,
				D3A3A1C52B240450000898F5 /* Release */,
			);
			defaultConfigurationIsVisible = 0;
			defaultConfigurationName = Release;
		};
		D3A3A1C62B240450000898F5 /* Build configuration list for PBXNativeTarget "ReelCraze" */ = {
			isa = XCConfigurationList;
			buildConfigurations = (
				D3A3A1C72B240450000898F5 /* Debug */,
				D3A3A1C82B240450000898F5 /* Release */,
			);
			defaultConfigurationIsVisible = 0;
			defaultConfigurationName = Release;
		};
/* End XCConfigurationList section */
	};
	rootObject = D3A3A1B02B24044E000898F5 /* Project object */;
}
